
Microsoft Visual Studio Solution File, Format Version 12.00
# Visual Studio Version 17
VisualStudioVersion = 17.5.33424.131
MinimumVisualStudioVersion = 10.0.40219.1
Project("{FAE04EC0-301F-11D3-BF4B-00C04F79EFBC}") = "testest", "testest\testest.csproj", "{2C1776B5-36A4-4FEF-8204-21B08C27BBD7}"
EndProject
Global
	GlobalSection(SolutionConfigurationPlatforms) = preSolution
		Debug|Any CPU = Debug|Any CPU
		Release|Any CPU = Release|Any CPU
	EndGlobalSection
	GlobalSection(ProjectConfigurationPlatforms) = postSolution
		{2C1776B5-36A4-4FEF-8204-21B08C27BBD7}.Debug|Any CPU.ActiveCfg = Debug|Any CPU
		{2C1776B5-36A4-4FEF-8204-21B08C27BBD7}.Debug|Any CPU.Build.0 = Debug|Any CPU
		{2C1776B5-36A4-4FEF-8204-21B08C27BBD7}.Release|Any CPU.ActiveCfg = Release|Any CPU
		{2C1776B5-36A4-4FEF-8204-21B08C27BBD7}.Release|Any CPU.Build.0 = Release|Any CPU
	EndGlobalSection
	GlobalSection(SolutionProperties) = preSolution
		HideSolutionNode = FALSE
	EndGlobalSection
	GlobalSection(ExtensibilityGlobals) = postSolution
		SolutionGuid = {EF061BD9-4213-4C7D-9FD0-DDD0ADD559D7}
	EndGlobalSection
EndGlobal
